
Microsoft Visual Studio Solution File, Format Version 12.00
# Visual Studio 14
VisualStudioVersion = 14.0.25420.1
MinimumVisualStudioVersion = 10.0.40219.1
Project("{00D1A9C2-B5F0-4AF3-8072-F6C62B433612}") = "ClrTelegram", "CltTelegram\ClrTelegram.sqlproj", "{D95B1FB7-1E9C-4578-8AFB-7F04D5DB7EB4}"
EndProject
Project("{FAE04EC0-301F-11D3-BF4B-00C04F79EFBC}") = "Libs", "Libs\Libs.csproj", "{FBF1633D-58E6-4806-A237-392F7A3AFA0A}"
EndProject
Global
	GlobalSection(SolutionConfigurationPlatforms) = preSolution
		Debug|Any CPU = Debug|Any CPU
		Release|Any CPU = Release|Any CPU
	EndGlobalSection
	GlobalSection(ProjectConfigurationPlatforms) = postSolution
		{D95B1FB7-1E9C-4578-8AFB-7F04D5DB7EB4}.Debug|Any CPU.ActiveCfg = Debug|Any CPU
		{D95B1FB7-1E9C-4578-8AFB-7F04D5DB7EB4}.Debug|Any CPU.Build.0 = Debug|Any CPU
		{D95B1FB7-1E9C-4578-8AFB-7F04D5DB7EB4}.Debug|Any CPU.Deploy.0 = Debug|Any CPU
		{D95B1FB7-1E9C-4578-8AFB-7F04D5DB7EB4}.Release|Any CPU.ActiveCfg = Release|Any CPU
		{D95B1FB7-1E9C-4578-8AFB-7F04D5DB7EB4}.Release|Any CPU.Build.0 = Release|Any CPU
		{D95B1FB7-1E9C-4578-8AFB-7F04D5DB7EB4}.Release|Any CPU.Deploy.0 = Release|Any CPU
		{FBF1633D-58E6-4806-A237-392F7A3AFA0A}.Debug|Any CPU.ActiveCfg = Debug|Any CPU
		{FBF1633D-58E6-4806-A237-392F7A3AFA0A}.Debug|Any CPU.Build.0 = Debug|Any CPU
		{FBF1633D-58E6-4806-A237-392F7A3AFA0A}.Release|Any CPU.ActiveCfg = Release|Any CPU
		{FBF1633D-58E6-4806-A237-392F7A3AFA0A}.Release|Any CPU.Build.0 = Release|Any CPU
	EndGlobalSection
	GlobalSection(SolutionProperties) = preSolution
		HideSolutionNode = FALSE
	EndGlobalSection
EndGlobal
